
Microsoft Visual Studio Solution File, Format Version 12.00
# Visual Studio 15
VisualStudioVersion = 15.0.26403.7
MinimumVisualStudioVersion = 10.0.40219.1
Project("{FAE04EC0-301F-11D3-BF4B-00C04F79EFBC}") = "DocMag", "DocMag\DocMag.csproj", "{AAA67C95-B2DF-491E-BE8E-F5A7D897A3B2}"
EndProject
Project("{FAE04EC0-301F-11D3-BF4B-00C04F79EFBC}") = "DocMagSample", "WindowsFormsApp1\DocMagSample.csproj", "{46601124-CD9A-4656-85E4-CBB810780518}"
EndProject
Project("{FAE04EC0-301F-11D3-BF4B-00C04F79EFBC}") = "Common", "ClassLibrary2\Common.csproj", "{4B6D5606-A2FA-4526-92ED-E980A463D026}"
EndProject
Global
	GlobalSection(SolutionConfigurationPlatforms) = preSolution
		Debug|Any CPU = Debug|Any CPU
		Release|Any CPU = Release|Any CPU
	EndGlobalSection
	GlobalSection(ProjectConfigurationPlatforms) = postSolution
		{AAA67C95-B2DF-491E-BE8E-F5A7D897A3B2}.Debug|Any CPU.ActiveCfg = Debug|Any CPU
		{AAA67C95-B2DF-491E-BE8E-F5A7D897A3B2}.Debug|Any CPU.Build.0 = Debug|Any CPU
		{AAA67C95-B2DF-491E-BE8E-F5A7D897A3B2}.Release|Any CPU.ActiveCfg = Release|Any CPU
		{AAA67C95-B2DF-491E-BE8E-F5A7D897A3B2}.Release|Any CPU.Build.0 = Release|Any CPU
		{46601124-CD9A-4656-85E4-CBB810780518}.Debug|Any CPU.ActiveCfg = Debug|Any CPU
		{46601124-CD9A-4656-85E4-CBB810780518}.Debug|Any CPU.Build.0 = Debug|Any CPU
		{46601124-CD9A-4656-85E4-CBB810780518}.Release|Any CPU.ActiveCfg = Release|Any CPU
		{46601124-CD9A-4656-85E4-CBB810780518}.Release|Any CPU.Build.0 = Release|Any CPU
		{4B6D5606-A2FA-4526-92ED-E980A463D026}.Debug|Any CPU.ActiveCfg = Debug|Any CPU
		{4B6D5606-A2FA-4526-92ED-E980A463D026}.Debug|Any CPU.Build.0 = Debug|Any CPU
		{4B6D5606-A2FA-4526-92ED-E980A463D026}.Release|Any CPU.ActiveCfg = Release|Any CPU
		{4B6D5606-A2FA-4526-92ED-E980A463D026}.Release|Any CPU.Build.0 = Release|Any CPU
	EndGlobalSection
	GlobalSection(SolutionProperties) = preSolution
		HideSolutionNode = FALSE
	EndGlobalSection
EndGlobal
